
Microsoft Visual Studio Solution File, Format Version 12.00
# Visual Studio 14
VisualStudioVersion = 14.0.25420.1
MinimumVisualStudioVersion = 10.0.40219.1
Project("{FAE04EC0-301F-11D3-BF4B-00C04F79EFBC}") = "UnitTestProjectDemo", "UnitTestProjectDemo\UnitTestProjectDemo.csproj", "{EE40B119-C16C-4ED6-AEAB-AB1DE30A3ABD}"
EndProject
Project("{FAE04EC0-301F-11D3-BF4B-00C04F79EFBC}") = "UnitTestProjectDemo.Tests", "UnitTestProjectDemo.Tests\UnitTestProjectDemo.Tests.csproj", "{84971D19-E1F0-4813-9D91-BF73CD983A2E}"
EndProject
Global
	GlobalSection(SolutionConfigurationPlatforms) = preSolution
		Debug|Any CPU = Debug|Any CPU
		Release|Any CPU = Release|Any CPU
	EndGlobalSection
	GlobalSection(ProjectConfigurationPlatforms) = postSolution
		{EE40B119-C16C-4ED6-AEAB-AB1DE30A3ABD}.Debug|Any CPU.ActiveCfg = Debug|Any CPU
		{EE40B119-C16C-4ED6-AEAB-AB1DE30A3ABD}.Debug|Any CPU.Build.0 = Debug|Any CPU
		{EE40B119-C16C-4ED6-AEAB-AB1DE30A3ABD}.Release|Any CPU.ActiveCfg = Release|Any CPU
		{EE40B119-C16C-4ED6-AEAB-AB1DE30A3ABD}.Release|Any CPU.Build.0 = Release|Any CPU
		{84971D19-E1F0-4813-9D91-BF73CD983A2E}.Debug|Any CPU.ActiveCfg = Debug|Any CPU
		{84971D19-E1F0-4813-9D91-BF73CD983A2E}.Debug|Any CPU.Build.0 = Debug|Any CPU
		{84971D19-E1F0-4813-9D91-BF73CD983A2E}.Release|Any CPU.ActiveCfg = Release|Any CPU
		{84971D19-E1F0-4813-9D91-BF73CD983A2E}.Release|Any CPU.Build.0 = Release|Any CPU
	EndGlobalSection
	GlobalSection(SolutionProperties) = preSolution
		HideSolutionNode = FALSE
	EndGlobalSection
EndGlobal
